PODS:
  - Alamofire (3.4.1)
  - MJExtension (2.0.4)
  - MJRefresh (3.1.9)
  - SDWebImage (3.8.0):
    - SDWebImage/Core (= 3.8.0)
  - SDWebImage/Core (3.8.0)
  - SnapKit (0.20.0)
  - SwiftyJSON (2.3.2)
  - WDYLibrary/WDYCategory (0.7.2):
    - SDWebImage (= 3.8.0)
  - XYYSegmentControl (1.3.2)

DEPENDENCIES:
  - Alamofire (~> 3.4)
  - MJExtension (~> 2.0.1)
  - MJRefresh (~> 3.1.0)
  - SnapKit (~> 0.20.0)
  - SwiftyJSON
  - WDYLibrary/WDYCategory (from `https://git.oschina.net/mzxj7255/WDYLibrary.git`)
  - XYYSegmentControl (~> 1.3.2)

EXTERNAL SOURCES:
  WDYLibrary:
    :git: https://git.oschina.net/mzxj7255/WDYLibrary.git

CHECKOUT OPTIONS:
  WDYLibrary:
    :commit: fc63a20bba794416cc2d3c859112d9e4a33d50ac
    :git: https://git.oschina.net/mzxj7255/WDYLibrary.git

SPEC CHECKSUMS:
  Alamofire: 01a82e2f6c0f860ade35534c8dd88be61bdef40c
  MJExtension: 90503779f5c2608b76b5b0f41efdb05c080d1976
  MJRefresh: c5f1f1653e5a1b932c90f78074f2bc86f3f9bd5e
  SDWebImage: 7d9fe229266696de91eadf840c77ca15efd4bbd2
  SnapKit: 5fce3c1bbbf1fbd31de9aa92f33eb9fa03f15650
  SwiftyJSON: 04ccea08915aa0109039157c7974cf0298da292a
  WDYLibrary: 5e4441346f87aa53a9f22b98adbd3ac39f48c9a4
  XYYSegmentControl: 1a12ccd2729bb10862b22cac4dcb3d01f7edc5be

PODFILE CHECKSUM: be25f0d2c569cbcb1860337e899919647d7f75f3

COCOAPODS: 1.0.0.beta.4
